{
  "name": "@nandha2/listd",
  "version": "0.0.4",
  "lockfileVersion": 2,
  "requires": true,
  "packages": {
    "": {
      "name": "@nandha2/listd",
      "version": "0.0.4",
      "license": "MIT",
      "dependencies": {
        "@nandha2/listd": "^0.0.4"
      },
      "bin": {
        "listd": "bin/run.js"
      }
    },
    "node_modules/@nandha2/listd": {
      "version": "0.0.4",
      "resolved": "https://registry.npmjs.org/@nandha2/listd/-/listd-0.0.4.tgz",
      "integrity": "sha512-llK3EDtBvzYiyauzo6432Rvfc0ntUUJPRbIJ2etrB/OYWu+2pT6gF4pY/NuqL5Xufx3gBgYi+rgaolzRqDUfVg==",
      "bin": {
        "listd": "bin/run.js"
      }
    }
  },
  "dependencies": {
    "@nandha2/listd": {
      "version": "0.0.4",
      "resolved": "https://registry.npmjs.org/@nandha2/listd/-/listd-0.0.4.tgz",
      "integrity": "sha512-llK3EDtBvzYiyauzo6432Rvfc0ntUUJPRbIJ2etrB/OYWu+2pT6gF4pY/NuqL5Xufx3gBgYi+rgaolzRqDUfVg=="
    }
  }
}
